Microsoft Visual Studio Solution File, Format Version 11.00
# Visual Studio 2008

Project("{20F902A4-7637-CEEE-9F1E-DE4EE2F870FF}") = "P1Castlevania", "Assembly-CSharp-vs.csproj", "{5B02DF3D-9AD5-7E87-34B5-4FACAF7FA19C}"
EndProject
Global
	GlobalSection(SolutionConfigurationPlatforms) = preSolution
		Debug|Any CPU = Debug|Any CPU
		Release|Any CPU = Release|Any CPU
	EndGlobalSection
	GlobalSection(ProjectConfigurationPlatforms) = postSolution
		{5B02DF3D-9AD5-7E87-34B5-4FACAF7FA19C}.Debug|Any CPU.ActiveCfg = Debug|Any CPU
		{5B02DF3D-9AD5-7E87-34B5-4FACAF7FA19C}.Debug|Any CPU.Build.0 = Debug|Any CPU
		{5B02DF3D-9AD5-7E87-34B5-4FACAF7FA19C}.Release|Any CPU.ActiveCfg = Release|Any CPU
		{5B02DF3D-9AD5-7E87-34B5-4FACAF7FA19C}.Release|Any CPU.Build.0 = Release|Any CPU
	EndGlobalSection
	GlobalSection(SolutionProperties) = preSolution
		HideSolutionNode = FALSE
	EndGlobalSection
																																																																																																																													GlobalSection(MonoDevelopProperties) = preSolution
=======
																																																																																																																	GlobalSection(MonoDevelopProperties) = preSolution
>>>>>>> ee8d8cf65f6a1973009df5bf4af182f0f9a6ed22
=======
																																																																																																														GlobalSection(MonoDevelopProperties) = preSolution
>>>>>>> FETCH_HEAD
=======
																																																																																																											GlobalSection(MonoDevelopProperties) = preSolution
=======
																																																																																																								GlobalSection(MonoDevelopProperties) = preSolution
>>>>>>> b756d051934c5f0e12de983de016fa9b052c85b9
>>>>>>> FETCH_HEAD
=======
																																																																																																				GlobalSection(MonoDevelopProperties) = preSolution
>>>>>>> FETCH_HEAD
=======
																																																																																																		GlobalSection(MonoDevelopProperties) = preSolution
=======
																																																																																															GlobalSection(MonoDevelopProperties) = preSolution
>>>>>>> FETCH_HEAD
>>>>>>> 3c82d3c90e1a6eb93eea90af85da4f8399e5dc02
=======
																																																											GlobalSection(MonoDevelopProperties) = preSolution
=======
																																																			GlobalSection(MonoDevelopProperties) = preSolution
>>>>>>> af93969df79a66246d92632b5cb9308f68095e64
>>>>>>> FETCH_HEAD
=======
<<<<<<< HEAD
																																								GlobalSection(MonoDevelopProperties) = preSolution
=======
																																					GlobalSection(MonoDevelopProperties) = preSolution
>>>>>>> 3ac0dda92cd946d411900fb94a6ebe239bbd4640
>>>>>>> FETCH_HEAD
=======
<<<<<<< HEAD
																														GlobalSection(MonoDevelopProperties) = preSolution
=======
																													GlobalSection(MonoDevelopProperties) = preSolution
>>>>>>> 5242ad38dc27c80d6b3deeeb21747ab389228c80
>>>>>>> FETCH_HEAD
=======
																												GlobalSection(MonoDevelopProperties) = preSolution
>>>>>>> FETCH_HEAD
=======
												GlobalSection(MonoDevelopProperties) = preSolution
>>>>>>> 0bc2005057186f2c6b0b8f40af5d15da49c942c3
		StartupItem = Assembly-CSharp.csproj
		Policies = $0
		$0.TextStylePolicy = $1
		$1.inheritsSet = null
		$1.scope = text/x-csharp
		$0.CSharpFormattingPolicy = $2
		$2.inheritsSet = Mono
		$2.inheritsScope = text/x-csharp
		$2.scope = text/x-csharp
		$0.TextStylePolicy = $3
		$3.FileWidth = 120
		$3.TabWidth = 4
		$3.EolMarker = Unix
		$3.inheritsSet = Mono
		$3.inheritsScope = text/plain
		$3.scope = text/plain
	EndGlobalSection

EndGlobal
